
Microsoft Visual Studio Solution File, Format Version 12.00
# Visual Studio 15
VisualStudioVersion = 15.0.28307.705
MinimumVisualStudioVersion = 10.0.40219.1
Project("{FAE04EC0-301F-11D3-BF4B-00C04F79EFBC}") = "Useage", "Useage\Useage.csproj", "{B6883FCE-6322-497C-A9A8-EBDE0354D971}"
EndProject
Project("{9A19103F-16F7-4668-BE54-9A1E7A4F7556}") = "Dapper", "Dapper\Dapper.csproj", "{3400E266-19CE-483F-9D04-70B02B6B4CFC}"
EndProject
Global
	GlobalSection(SolutionConfigurationPlatforms) = preSolution
		Debug|Any CPU = Debug|Any CPU
		Release|Any CPU = Release|Any CPU
	EndGlobalSection
	GlobalSection(ProjectConfigurationPlatforms) = postSolution
		{B6883FCE-6322-497C-A9A8-EBDE0354D971}.Debug|Any CPU.ActiveCfg = Debug|Any CPU
		{B6883FCE-6322-497C-A9A8-EBDE0354D971}.Debug|Any CPU.Build.0 = Debug|Any CPU
		{B6883FCE-6322-497C-A9A8-EBDE0354D971}.Release|Any CPU.ActiveCfg = Release|Any CPU
		{B6883FCE-6322-497C-A9A8-EBDE0354D971}.Release|Any CPU.Build.0 = Release|Any CPU
		{3400E266-19CE-483F-9D04-70B02B6B4CFC}.Debug|Any CPU.ActiveCfg = Debug|Any CPU
		{3400E266-19CE-483F-9D04-70B02B6B4CFC}.Debug|Any CPU.Build.0 = Debug|Any CPU
		{3400E266-19CE-483F-9D04-70B02B6B4CFC}.Release|Any CPU.ActiveCfg = Release|Any CPU
		{3400E266-19CE-483F-9D04-70B02B6B4CFC}.Release|Any CPU.Build.0 = Release|Any CPU
	EndGlobalSection
	GlobalSection(SolutionProperties) = preSolution
		HideSolutionNode = FALSE
	EndGlobalSection
	GlobalSection(ExtensibilityGlobals) = postSolution
		SolutionGuid = {B5DAB11F-5B9E-4668-90CB-B21244A62EF2}
	EndGlobalSection
EndGlobal
